Microsoft Visual Studio Solution File, Format Version 12.00
# Visual Studio Version 16
VisualStudioVersion = 16.0.29424.173
MinimumVisualStudioVersion = 10.0.40219.1
Project("{2150E333-8FDC-42A3-9474-1A3956D46DE8}") = "Solution Items", "Solution Items", "{D49D5792-70DF-4140-B19C-471EFA7227E2}"
	ProjectSection(SolutionItems) = preProject
		.editorconfig = .editorconfig
		.gitattributes = .gitattributes
		.gitignore = .gitignore
		appveyor.yml = appveyor.yml
		CodeMaid.config = CodeMaid.config
		GitVersion.yaml = GitVersion.yaml
		license.md = license.md
		readme.md = readme.md
		SharedAssemblyInfo.props = SharedAssemblyInfo.props
		Strict.ruleset = Strict.ruleset
		stylecop.json = stylecop.json
		Tests.ruleset = Tests.ruleset
	EndProjectSection
EndProject
Project("{9A19103F-16F7-4668-BE54-9A1E7A4F7556}") = "TaggingLibrary", "TaggingLibrary\TaggingLibrary.csproj", "{361DDEAB-2F84-4477-B3D5-A5E7EB1D924E}"
EndProject
Project("{9A19103F-16F7-4668-BE54-9A1E7A4F7556}") = "TaggingLibrary.Tests", "TaggingLibrary.Tests\TaggingLibrary.Tests.csproj", "{F6899B49-BA63-4D8D-85B9-EBADB95123C7}"
EndProject
Global
	GlobalSection(SolutionConfigurationPlatforms) = preSolution
		Debug|Any CPU = Debug|Any CPU
		Release|Any CPU = Release|Any CPU
	EndGlobalSection
	GlobalSection(ProjectConfigurationPlatforms) = postSolution
		{361DDEAB-2F84-4477-B3D5-A5E7EB1D924E}.Debug|Any CPU.ActiveCfg = Debug|Any CPU
		{361DDEAB-2F84-4477-B3D5-A5E7EB1D924E}.Debug|Any CPU.Build.0 = Debug|Any CPU
		{361DDEAB-2F84-4477-B3D5-A5E7EB1D924E}.Release|Any CPU.ActiveCfg = Release|Any CPU
		{361DDEAB-2F84-4477-B3D5-A5E7EB1D924E}.Release|Any CPU.Build.0 = Release|Any CPU
		{F6899B49-BA63-4D8D-85B9-EBADB95123C7}.Debug|Any CPU.ActiveCfg = Debug|Any CPU
		{F6899B49-BA63-4D8D-85B9-EBADB95123C7}.Debug|Any CPU.Build.0 = Debug|Any CPU
		{F6899B49-BA63-4D8D-85B9-EBADB95123C7}.Release|Any CPU.ActiveCfg = Release|Any CPU
		{F6899B49-BA63-4D8D-85B9-EBADB95123C7}.Release|Any CPU.Build.0 = Release|Any CPU
	EndGlobalSection
	GlobalSection(SolutionProperties) = preSolution
		HideSolutionNode = FALSE
	EndGlobalSection
	GlobalSection(ExtensibilityGlobals) = postSolution
		SolutionGuid = {7958C7AC-EE53-454A-8D19-6E0327E11079}
	EndGlobalSection
EndGlobal
